
Microsoft Visual Studio Solution File, Format Version 12.00
# Visual Studio Version 17
VisualStudioVersion = 17.7.34221.43
MinimumVisualStudioVersion = 10.0.40219.1
Project("{FAE04EC0-301F-11D3-BF4B-00C04F79EFBC}") = "MiniProject#1", "MiniProject#1\MiniProject#1.csproj", "{6F2041E1-AC4F-407B-8353-6A1CE74C78F4}"
EndProject
Global
	GlobalSection(SolutionConfigurationPlatforms) = preSolution
		Debug|Any CPU = Debug|Any CPU
		Release|Any CPU = Release|Any CPU
	EndGlobalSection
	GlobalSection(ProjectConfigurationPlatforms) = postSolution
		{6F2041E1-AC4F-407B-8353-6A1CE74C78F4}.Debug|Any CPU.ActiveCfg = Debug|Any CPU
		{6F2041E1-AC4F-407B-8353-6A1CE74C78F4}.Debug|Any CPU.Build.0 = Debug|Any CPU
		{6F2041E1-AC4F-407B-8353-6A1CE74C78F4}.Release|Any CPU.ActiveCfg = Release|Any CPU
		{6F2041E1-AC4F-407B-8353-6A1CE74C78F4}.Release|Any CPU.Build.0 = Release|Any CPU
	EndGlobalSection
	GlobalSection(SolutionProperties) = preSolution
		HideSolutionNode = FALSE
	EndGlobalSection
	GlobalSection(ExtensibilityGlobals) = postSolution
		SolutionGuid = {79612C26-F7E8-48B2-A8A3-35364696B31D}
	EndGlobalSection
EndGlobal
